{
  "originHash" : "92520291a9fc4e7e4013b4ea9a94486563794ee9d8fc52237c81f5daa1621129",
  "pins" : [
    {
      "identity" : "basemacros",
      "kind" : "remoteSourceControl",
      "location" : "https://github.com/dvclmn/BaseMacros",
      "state" : {
        "branch" : "main",
        "revision" : "d1fc6ac6c825ac35f139f429e535c8c004a9314a"
      }
    },
    {
      "identity" : "swift-macro-toolkit",
      "kind" : "remoteSourceControl",
      "location" : "https://github.com/stackotter/swift-macro-toolkit",
      "state" : {
        "revision" : "569627091e1fbb8745d691aeeb008e7247dedb7c",
        "version" : "0.6.1"
      }
    },
    {
      "identity" : "swift-syntax",
      "kind" : "remoteSourceControl",
      "location" : "https://github.com/swiftlang/swift-syntax.git",
      "state" : {
        "revision" : "0687f71944021d616d34d922343dcef086855920",
        "version" : "600.0.1"
      }
    }
  ],
  "version" : 3
}
