{
  "originHash" : "b8340c1abc21f7f62410fb6691b37b95f6e02813fb9f0eec32d05c43444952d3",
  "pins" : [
    {
      "identity" : "baseprimitives",
      "kind" : "remoteSourceControl",
      "location" : "https://github.com/dvclmn/BasePrimitives",
      "state" : {
        "branch" : "main",
        "revision" : "8ac10e77276a88d4ce727e584a3dc552d84ce96e"
      }
    },
    {
      "identity" : "swift-docc-plugin",
      "kind" : "remoteSourceControl",
      "location" : "https://github.com/apple/swift-docc-plugin",
      "state" : {
        "revision" : "e977f65879f82b375a044c8837597f690c067da6",
        "version" : "1.4.6"
      }
    },
    {
      "identity" : "swift-docc-symbolkit",
      "kind" : "remoteSourceControl",
      "location" : "https://github.com/swiftlang/swift-docc-symbolkit",
      "state" : {
        "revision" : "b45d1f2ed151d057b54504d653e0da5552844e34",
        "version" : "1.0.0"
      }
    }
  ],
  "version" : 3
}
